
Microsoft Visual Studio Solution File, Format Version 12.00
# Visual Studio Version 16
VisualStudioVersion = 16.0.29806.167
MinimumVisualStudioVersion = 10.0.40219.1
Project("{FAE04EC0-301F-11D3-BF4B-00C04F79EFBC}") = "Espresso.UWP", "Espresso\Espresso.UWP\Espresso.UWP.csproj", "{159A9219-C46F-4473-B50E-C4EFE31B1993}"
EndProject
Project("{FAE04EC0-301F-11D3-BF4B-00C04F79EFBC}") = "Espresso.Android", "Espresso\Espresso.Android\Espresso.Android.csproj", "{C310563E-2D4E-4D97-956D-13B90933FD19}"
EndProject
Project("{9A19103F-16F7-4668-BE54-9A1E7A4F7556}") = "Espresso", "Espresso\Espresso\Espresso.csproj", "{40704E7E-BF76-4AE2-BADE-D9B5A882C109}"
EndProject
Project("{FAE04EC0-301F-11D3-BF4B-00C04F79EFBC}") = "Espresso.iOS", "Espresso\Espresso.iOS\Espresso.iOS.csproj", "{0CDC521F-F7FA-4133-A333-F73225185E17}"
EndProject
Global
	GlobalSection(SolutionConfigurationPlatforms) = preSolution
		Debug|Any CPU = Debug|Any CPU
		Debug|ARM = Debug|ARM
		Debug|iPhone = Debug|iPhone
		Debug|iPhoneSimulator = Debug|iPhoneSimulator
		Debug|x64 = Debug|x64
		Debug|x86 = Debug|x86
		Release|Any CPU = Release|Any CPU
		Release|ARM = Release|ARM
		Release|iPhone = Release|iPhone
		Release|iPhoneSimulator = Release|iPhoneSimulator
		Release|x64 = Release|x64
		Release|x86 = Release|x86
	EndGlobalSection
	GlobalSection(ProjectConfigurationPlatforms) = postSolution
		{159A9219-C46F-4473-B50E-C4EFE31B1993}.Debug|Any CPU.ActiveCfg = Debug|x86
		{159A9219-C46F-4473-B50E-C4EFE31B1993}.Debug|Any CPU.Build.0 = Debug|x86
		{159A9219-C46F-4473-B50E-C4EFE31B1993}.Debug|Any CPU.Deploy.0 = Debug|x86
		{159A9219-C46F-4473-B50E-C4EFE31B1993}.Debug|ARM.ActiveCfg = Debug|ARM
		{159A9219-C46F-4473-B50E-C4EFE31B1993}.Debug|ARM.Build.0 = Debug|ARM
		{159A9219-C46F-4473-B50E-C4EFE31B1993}.Debug|ARM.Deploy.0 = Debug|ARM
		{159A9219-C46F-4473-B50E-C4EFE31B1993}.Debug|iPhone.ActiveCfg = Debug|x86
		{159A9219-C46F-4473-B50E-C4EFE31B1993}.Debug|iPhone.Build.0 = Debug|x86
		{159A9219-C46F-4473-B50E-C4EFE31B1993}.Debug|iPhone.Deploy.0 = Debug|x86
		{159A9219-C46F-4473-B50E-C4EFE31B1993}.Debug|iPhoneSimulator.ActiveCfg = Debug|x86
		{159A9219-C46F-4473-B50E-C4EFE31B1993}.Debug|iPhoneSimulator.Build.0 = Debug|x86
		{159A9219-C46F-4473-B50E-C4EFE31B1993}.Debug|iPhoneSimulator.Deploy.0 = Debug|x86
		{159A9219-C46F-4473-B50E-C4EFE31B1993}.Debug|x64.ActiveCfg = Debug|x64
		{159A9219-C46F-4473-B50E-C4EFE31B1993}.Debug|x64.Build.0 = Debug|x64
		{159A9219-C46F-4473-B50E-C4EFE31B1993}.Debug|x64.Deploy.0 = Debug|x64
		{159A9219-C46F-4473-B50E-C4EFE31B1993}.Debug|x86.ActiveCfg = Debug|x86
		{159A9219-C46F-4473-B50E-C4EFE31B1993}.Debug|x86.Build.0 = Debug|x86
		{159A9219-C46F-4473-B50E-C4EFE31B1993}.Debug|x86.Deploy.0 = Debug|x86
		{159A9219-C46F-4473-B50E-C4EFE31B1993}.Release|Any CPU.ActiveCfg = Release|x86
		{159A9219-C46F-4473-B50E-C4EFE31B1993}.Release|Any CPU.Build.0 = Release|x86
		{159A9219-C46F-4473-B50E-C4EFE31B1993}.Release|Any CPU.Deploy.0 = Release|x86
		{159A9219-C46F-4473-B50E-C4EFE31B1993}.Release|ARM.ActiveCfg = Release|ARM
		{159A9219-C46F-4473-B50E-C4EFE31B1993}.Release|ARM.Build.0 = Release|ARM
		{159A9219-C46F-4473-B50E-C4EFE31B1993}.Release|ARM.Deploy.0 = Release|ARM
		{159A9219-C46F-4473-B50E-C4EFE31B1993}.Release|iPhone.ActiveCfg = Release|x86
		{159A9219-C46F-4473-B50E-C4EFE31B1993}.Release|iPhone.Build.0 = Release|x86
		{159A9219-C46F-4473-B50E-C4EFE31B1993}.Release|iPhone.Deploy.0 = Release|x86
		{159A9219-C46F-4473-B50E-C4EFE31B1993}.Release|iPhoneSimulator.ActiveCfg = Release|x86
		{159A9219-C46F-4473-B50E-C4EFE31B1993}.Release|iPhoneSimulator.Build.0 = Release|x86
		{159A9219-C46F-4473-B50E-C4EFE31B1993}.Release|iPhoneSimulator.Deploy.0 = Release|x86
		{159A9219-C46F-4473-B50E-C4EFE31B1993}.Release|x64.ActiveCfg = Release|x64
		{159A9219-C46F-4473-B50E-C4EFE31B1993}.Release|x64.Build.0 = Release|x64
		{159A9219-C46F-4473-B50E-C4EFE31B1993}.Release|x64.Deploy.0 = Release|x64
		{159A9219-C46F-4473-B50E-C4EFE31B1993}.Release|x86.ActiveCfg = Release|x86
		{159A9219-C46F-4473-B50E-C4EFE31B1993}.Release|x86.Build.0 = Release|x86
		{159A9219-C46F-4473-B50E-C4EFE31B1993}.Release|x86.Deploy.0 = Release|x86
		{C310563E-2D4E-4D97-956D-13B90933FD19}.Debug|Any CPU.ActiveCfg = Debug|Any CPU
		{C310563E-2D4E-4D97-956D-13B90933FD19}.Debug|Any CPU.Build.0 = Debug|Any CPU
		{C310563E-2D4E-4D97-956D-13B90933FD19}.Debug|Any CPU.Deploy.0 = Debug|Any CPU
		{C310563E-2D4E-4D97-956D-13B90933FD19}.Debug|ARM.ActiveCfg = Debug|Any CPU
		{C310563E-2D4E-4D97-956D-13B90933FD19}.Debug|ARM.Build.0 = Debug|Any CPU
		{C310563E-2D4E-4D97-956D-13B90933FD19}.Debug|ARM.Deploy.0 = Debug|Any CPU
		{C310563E-2D4E-4D97-956D-13B90933FD19}.Debug|iPhone.ActiveCfg = Debug|Any CPU
		{C310563E-2D4E-4D97-956D-13B90933FD19}.Debug|iPhone.Build.0 = Debug|Any CPU
		{C310563E-2D4E-4D97-956D-13B90933FD19}.Debug|iPhone.Deploy.0 = Debug|Any CPU
		{C310563E-2D4E-4D97-956D-13B90933FD19}.Debug|iPhoneSimulator.ActiveCfg = Debug|Any CPU
		{C310563E-2D4E-4D97-956D-13B90933FD19}.Debug|iPhoneSimulator.Build.0 = Debug|Any CPU
		{C310563E-2D4E-4D97-956D-13B90933FD19}.Debug|iPhoneSimulator.Deploy.0 = Debug|Any CPU
		{C310563E-2D4E-4D97-956D-13B90933FD19}.Debug|x64.ActiveCfg = Debug|Any CPU
		{C310563E-2D4E-4D97-956D-13B90933FD19}.Debug|x64.Build.0 = Debug|Any CPU
		{C310563E-2D4E-4D97-956D-13B90933FD19}.Debug|x64.Deploy.0 = Debug|Any CPU
		{C310563E-2D4E-4D97-956D-13B90933FD19}.Debug|x86.ActiveCfg = Debug|Any CPU
		{C310563E-2D4E-4D97-956D-13B90933FD19}.Debug|x86.Build.0 = Debug|Any CPU
		{C310563E-2D4E-4D97-956D-13B90933FD19}.Debug|x86.Deploy.0 = Debug|Any CPU
		{C310563E-2D4E-4D97-956D-13B90933FD19}.Release|Any CPU.ActiveCfg = Release|Any CPU
		{C310563E-2D4E-4D97-956D-13B90933FD19}.Release|Any CPU.Build.0 = Release|Any CPU
		{C310563E-2D4E-4D97-956D-13B90933FD19}.Release|Any CPU.Deploy.0 = Release|Any CPU
		{C310563E-2D4E-4D97-956D-13B90933FD19}.Release|ARM.ActiveCfg = Release|Any CPU
		{C310563E-2D4E-4D97-956D-13B90933FD19}.Release|ARM.Build.0 = Release|Any CPU
		{C310563E-2D4E-4D97-956D-13B90933FD19}.Release|ARM.Deploy.0 = Release|Any CPU
		{C310563E-2D4E-4D97-956D-13B90933FD19}.Release|iPhone.ActiveCfg = Release|Any CPU
		{C310563E-2D4E-4D97-956D-13B90933FD19}.Release|iPhone.Build.0 = Release|Any CPU
		{C310563E-2D4E-4D97-956D-13B90933FD19}.Release|iPhone.Deploy.0 = Release|Any CPU
		{C310563E-2D4E-4D97-956D-13B90933FD19}.Release|iPhoneSimulator.ActiveCfg = Release|Any CPU
		{C310563E-2D4E-4D97-956D-13B90933FD19}.Release|iPhoneSimulator.Build.0 = Release|Any CPU
		{C310563E-2D4E-4D97-956D-13B90933FD19}.Release|iPhoneSimulator.Deploy.0 = Release|Any CPU
		{C310563E-2D4E-4D97-956D-13B90933FD19}.Release|x64.ActiveCfg = Release|Any CPU
		{C310563E-2D4E-4D97-956D-13B90933FD19}.Release|x64.Build.0 = Release|Any CPU
		{C310563E-2D4E-4D97-956D-13B90933FD19}.Release|x64.Deploy.0 = Release|Any CPU
		{C310563E-2D4E-4D97-956D-13B90933FD19}.Release|x86.ActiveCfg = Release|Any CPU
		{C310563E-2D4E-4D97-956D-13B90933FD19}.Release|x86.Build.0 = Release|Any CPU
		{C310563E-2D4E-4D97-956D-13B90933FD19}.Release|x86.Deploy.0 = Release|Any CPU
		{40704E7E-BF76-4AE2-BADE-D9B5A882C109}.Debug|Any CPU.ActiveCfg = Debug|Any CPU
		{40704E7E-BF76-4AE2-BADE-D9B5A882C109}.Debug|Any CPU.Build.0 = Debug|Any CPU
		{40704E7E-BF76-4AE2-BADE-D9B5A882C109}.Debug|Any CPU.Deploy.0 = Debug|Any CPU
		{40704E7E-BF76-4AE2-BADE-D9B5A882C109}.Debug|ARM.ActiveCfg = Debug|Any CPU
		{40704E7E-BF76-4AE2-BADE-D9B5A882C109}.Debug|ARM.Build.0 = Debug|Any CPU
		{40704E7E-BF76-4AE2-BADE-D9B5A882C109}.Debug|ARM.Deploy.0 = Debug|Any CPU
		{40704E7E-BF76-4AE2-BADE-D9B5A882C109}.Debug|iPhone.ActiveCfg = Debug|Any CPU
		{40704E7E-BF76-4AE2-BADE-D9B5A882C109}.Debug|iPhone.Build.0 = Debug|Any CPU
		{40704E7E-BF76-4AE2-BADE-D9B5A882C109}.Debug|iPhone.Deploy.0 = Debug|Any CPU
		{40704E7E-BF76-4AE2-BADE-D9B5A882C109}.Debug|iPhoneSimulator.ActiveCfg = Debug|Any CPU
		{40704E7E-BF76-4AE2-BADE-D9B5A882C109}.Debug|iPhoneSimulator.Build.0 = Debug|Any CPU
		{40704E7E-BF76-4AE2-BADE-D9B5A882C109}.Debug|iPhoneSimulator.Deploy.0 = Debug|Any CPU
		{40704E7E-BF76-4AE2-BADE-D9B5A882C109}.Debug|x64.ActiveCfg = Debug|Any CPU
		{40704E7E-BF76-4AE2-BADE-D9B5A882C109}.Debug|x64.Build.0 = Debug|Any CPU
		{40704E7E-BF76-4AE2-BADE-D9B5A882C109}.Debug|x64.Deploy.0 = Debug|Any CPU
		{40704E7E-BF76-4AE2-BADE-D9B5A882C109}.Debug|x86.ActiveCfg = Debug|Any CPU
		{40704E7E-BF76-4AE2-BADE-D9B5A882C109}.Debug|x86.Build.0 = Debug|Any CPU
		{40704E7E-BF76-4AE2-BADE-D9B5A882C109}.Debug|x86.Deploy.0 = Debug|Any CPU
		{40704E7E-BF76-4AE2-BADE-D9B5A882C109}.Release|Any CPU.ActiveCfg = Release|Any CPU
		{40704E7E-BF76-4AE2-BADE-D9B5A882C109}.Release|Any CPU.Build.0 = Release|Any CPU
		{40704E7E-BF76-4AE2-BADE-D9B5A882C109}.Release|Any CPU.Deploy.0 = Release|Any CPU
		{40704E7E-BF76-4AE2-BADE-D9B5A882C109}.Release|ARM.ActiveCfg = Release|Any CPU
		{40704E7E-BF76-4AE2-BADE-D9B5A882C109}.Release|ARM.Build.0 = Release|Any CPU
		{40704E7E-BF76-4AE2-BADE-D9B5A882C109}.Release|ARM.Deploy.0 = Release|Any CPU
		{40704E7E-BF76-4AE2-BADE-D9B5A882C109}.Release|iPhone.ActiveCfg = Release|Any CPU
		{40704E7E-BF76-4AE2-BADE-D9B5A882C109}.Release|iPhone.Build.0 = Release|Any CPU
		{40704E7E-BF76-4AE2-BADE-D9B5A882C109}.Release|iPhone.Deploy.0 = Release|Any CPU
		{40704E7E-BF76-4AE2-BADE-D9B5A882C109}.Release|iPhoneSimulator.ActiveCfg = Release|Any CPU
		{40704E7E-BF76-4AE2-BADE-D9B5A882C109}.Release|iPhoneSimulator.Build.0 = Release|Any CPU
		{40704E7E-BF76-4AE2-BADE-D9B5A882C109}.Release|iPhoneSimulator.Deploy.0 = Release|Any CPU
		{40704E7E-BF76-4AE2-BADE-D9B5A882C109}.Release|x64.ActiveCfg = Release|Any CPU
		{40704E7E-BF76-4AE2-BADE-D9B5A882C109}.Release|x64.Build.0 = Release|Any CPU
		{40704E7E-BF76-4AE2-BADE-D9B5A882C109}.Release|x64.Deploy.0 = Release|Any CPU
		{40704E7E-BF76-4AE2-BADE-D9B5A882C109}.Release|x86.ActiveCfg = Release|Any CPU
		{40704E7E-BF76-4AE2-BADE-D9B5A882C109}.Release|x86.Build.0 = Release|Any CPU
		{40704E7E-BF76-4AE2-BADE-D9B5A882C109}.Release|x86.Deploy.0 = Release|Any CPU
		{0CDC521F-F7FA-4133-A333-F73225185E17}.Debug|Any CPU.ActiveCfg = Debug|iPhone
		{0CDC521F-F7FA-4133-A333-F73225185E17}.Debug|ARM.ActiveCfg = Debug|iPhone
		{0CDC521F-F7FA-4133-A333-F73225185E17}.Debug|iPhone.ActiveCfg = Debug|iPhone
		{0CDC521F-F7FA-4133-A333-F73225185E17}.Debug|iPhone.Build.0 = Debug|iPhone
		{0CDC521F-F7FA-4133-A333-F73225185E17}.Debug|iPhoneSimulator.ActiveCfg = Debug|iPhoneSimulator
		{0CDC521F-F7FA-4133-A333-F73225185E17}.Debug|iPhoneSimulator.Build.0 = Debug|iPhoneSimulator
		{0CDC521F-F7FA-4133-A333-F73225185E17}.Debug|x64.ActiveCfg = Debug|iPhone
		{0CDC521F-F7FA-4133-A333-F73225185E17}.Debug|x86.ActiveCfg = Debug|iPhone
		{0CDC521F-F7FA-4133-A333-F73225185E17}.Release|Any CPU.ActiveCfg = Release|iPhone
		{0CDC521F-F7FA-4133-A333-F73225185E17}.Release|ARM.ActiveCfg = Release|iPhone
		{0CDC521F-F7FA-4133-A333-F73225185E17}.Release|iPhone.ActiveCfg = Release|iPhone
		{0CDC521F-F7FA-4133-A333-F73225185E17}.Release|iPhone.Build.0 = Release|iPhone
		{0CDC521F-F7FA-4133-A333-F73225185E17}.Release|iPhoneSimulator.ActiveCfg = Release|iPhoneSimulator
		{0CDC521F-F7FA-4133-A333-F73225185E17}.Release|iPhoneSimulator.Build.0 = Release|iPhoneSimulator
		{0CDC521F-F7FA-4133-A333-F73225185E17}.Release|x64.ActiveCfg = Release|iPhone
		{0CDC521F-F7FA-4133-A333-F73225185E17}.Release|x86.ActiveCfg = Release|iPhone
	EndGlobalSection
	GlobalSection(SolutionProperties) = preSolution
		HideSolutionNode = FALSE
	EndGlobalSection
	GlobalSection(ExtensibilityGlobals) = postSolution
		SolutionGuid = {B53B465B-8484-4712-B071-4433AD02D903}
	EndGlobalSection
EndGlobal
